
Microsoft Visual Studio Solution File, Format Version 12.00
# Visual Studio 15
VisualStudioVersion = 15.0.26228.9
MinimumVisualStudioVersion = 10.0.40219.1
Project("{FAE04EC0-301F-11D3-BF4B-00C04F79EFBC}") = "CinemaAIDesktop", "CinemaAIDesktop\CinemaAIDesktop.csproj", "{21C8A110-3DDB-4FEF-A823-4100E697FC25}"
EndProject
Project("{FAE04EC0-301F-11D3-BF4B-00C04F79EFBC}") = "Dominio", "Dominio\Dominio.csproj", "{426CB3DD-4294-4939-A17E-C87F2CBE141A}"
EndProject
Project("{FAE04EC0-301F-11D3-BF4B-00C04F79EFBC}") = "CinemaAIWeb", "CinemaAIWeb\CinemaAIWeb.csproj", "{1C5D091E-92E8-4FAF-B8AB-D51EEF98A161}"
EndProject
Global
	GlobalSection(SolutionConfigurationPlatforms) = preSolution
		Debug|Any CPU = Debug|Any CPU
		Release|Any CPU = Release|Any CPU
	EndGlobalSection
	GlobalSection(ProjectConfigurationPlatforms) = postSolution
		{21C8A110-3DDB-4FEF-A823-4100E697FC25}.Debug|Any CPU.ActiveCfg = Debug|Any CPU
		{21C8A110-3DDB-4FEF-A823-4100E697FC25}.Debug|Any CPU.Build.0 = Debug|Any CPU
		{21C8A110-3DDB-4FEF-A823-4100E697FC25}.Release|Any CPU.ActiveCfg = Release|Any CPU
		{21C8A110-3DDB-4FEF-A823-4100E697FC25}.Release|Any CPU.Build.0 = Release|Any CPU
		{426CB3DD-4294-4939-A17E-C87F2CBE141A}.Debug|Any CPU.ActiveCfg = Debug|Any CPU
		{426CB3DD-4294-4939-A17E-C87F2CBE141A}.Debug|Any CPU.Build.0 = Debug|Any CPU
		{426CB3DD-4294-4939-A17E-C87F2CBE141A}.Release|Any CPU.ActiveCfg = Release|Any CPU
		{426CB3DD-4294-4939-A17E-C87F2CBE141A}.Release|Any CPU.Build.0 = Release|Any CPU
		{1C5D091E-92E8-4FAF-B8AB-D51EEF98A161}.Debug|Any CPU.ActiveCfg = Debug|Any CPU
		{1C5D091E-92E8-4FAF-B8AB-D51EEF98A161}.Debug|Any CPU.Build.0 = Debug|Any CPU
		{1C5D091E-92E8-4FAF-B8AB-D51EEF98A161}.Release|Any CPU.ActiveCfg = Release|Any CPU
		{1C5D091E-92E8-4FAF-B8AB-D51EEF98A161}.Release|Any CPU.Build.0 = Release|Any CPU
	EndGlobalSection
	GlobalSection(SolutionProperties) = preSolution
		HideSolutionNode = FALSE
	EndGlobalSection
EndGlobal
